<?xml version="1.0" encoding="utf-8"?>
<Project ToolsVersion="4.0" xmlns="http://schemas.microsoft.com/developer/msbuild/2003">
  <ItemGroup>
    <Filter Include="Source Files">
      <UniqueIdentifier>{4FC737F1-C7A5-4376-A066-2A32D752A2FF}</UniqueIdentifier>
      <Extensions>cpp;c;cc;cxx;c++;cppm;ixx;def;odl;idl;hpj;bat;asm;asmx</Extensions>
    </Filter>
    <Filter Include="Header Files">
      <UniqueIdentifier>{93995380-89BD-4b04-88EB-625FBE52EBFB}</UniqueIdentifier>
      <Extensions>h;hh;hpp;hxx;h++;hm;inl;inc;ipp;xsd</Extensions>
    </Filter>
    <Filter Include="Source Files\Engine">
      <UniqueIdentifier>{212f0e7e-2421-4668-9837-a75d38c5dd8d}</UniqueIdentifier>
    </Filter>
    <Filter Include="Header Files\Engine">
      <UniqueIdentifier>{28dca4db-6d15-4290-9cd8-7710592f61ae}</UniqueIdentifier>
    </Filter>
    <Filter Include="Header Files\UI">
      <UniqueIdentifier>{c1f42552-d863-4fb6-9571-8438a16e72c2}</UniqueIdentifier>
    </Filter>
    <Filter Include="Source Files\UI">
      <UniqueIdentifier>{3d4e9b2f-68f8-4c0d-ba91-aba88f5f33ed}</UniqueIdentifier>
    </Filter>
    <Filter Include="Source Files\GameObjects">
      <UniqueIdentifier>{3bc8ebb0-23f2-411f-a84e-021ee1b91fb1}</UniqueIdentifier>
    </Filter>
    <Filter Include="Header Files\GameObjects">
      <UniqueIdentifier>{f8b88627-0706-456e-8fcc-4f07c8c66867}</UniqueIdentifier>
    </Filter>
    <Filter Include="Source Files\Components">
      <UniqueIdentifier>{9a891c78-b15c-4c15-b5df-eb6d0b546e7a}</UniqueIdentifier>
    </Filter>
    <Filter Include="Header Files\Components">
      <UniqueIdentifier>{c5b68e0a-afbe-4f40-bc0d-5a5dd4915724}</UniqueIdentifier>
    </Filter>
    <Filter Include="Source Files\Input">
      <UniqueIdentifier>{c800c51b-089e-4a33-a244-b46681cd8dfe}</UniqueIdentifier>
    </Filter>
    <Filter Include="Header Files\Input">
      <UniqueIdentifier>{76ff91b5-0d5a-45e9-86ae-d5f06131d7cf}</UniqueIdentifier>
    </Filter>
    <Filter Include="Source Files\States">
      <UniqueIdentifier>{6d93b5dc-3160-4519-a877-efe09da567aa}</UniqueIdentifier>
    </Filter>
    <Filter Include="Header Files\States">
      <UniqueIdentifier>{494ee28c-ac9b-49f2-8081-cade743a87a1}</UniqueIdentifier>
    </Filter>
    <Filter Include="Source Files\Factories">
      <UniqueIdentifier>{239e3672-a005-4b59-92ec-c9bd8e6db660}</UniqueIdentifier>
    </Filter>
    <Filter Include="Header Files\Factories">
      <UniqueIdentifier>{8799c236-65b5-4c15-b687-de58e0599e93}</UniqueIdentifier>
    </Filter>
    <Filter Include="Header Files\Attributes">
      <UniqueIdentifier>{41e9a265-6edf-4025-9e54-b6fdb21d5650}</UniqueIdentifier>
    </Filter>
    <Filter Include="Header Files\Constants">
      <UniqueIdentifier>{3be356e2-9aee-4f91-8673-ed1434709c0a}</UniqueIdentifier>
    </Filter>
    <Filter Include="Header Files\States\Projectile">
      <UniqueIdentifier>{5bc0d530-ab59-465d-8953-8692c493a1ac}</UniqueIdentifier>
    </Filter>
    <Filter Include="Source Files\States\Projectile">
      <UniqueIdentifier>{10d256d8-01e3-4e95-befd-5a13a1ae4441}</UniqueIdentifier>
    </Filter>
    <Filter Include="Source Files\States\Slingshot">
      <UniqueIdentifier>{119834ed-2352-4893-a885-02f640139371}</UniqueIdentifier>
    </Filter>
    <Filter Include="Header Files\States\Slingshot">
      <UniqueIdentifier>{8e5d223b-e695-4bd3-86ca-adf59745ca0f}</UniqueIdentifier>
    </Filter>
    <Filter Include="Header Files\FileIO">
      <UniqueIdentifier>{efd58165-0cd9-45f4-946f-a36a64d81422}</UniqueIdentifier>
    </Filter>
    <Filter Include="Source Files\FileIO">
      <UniqueIdentifier>{83da032b-6f60-44e5-a445-b3228ad806bf}</UniqueIdentifier>
    </Filter>
    <Filter Include="Header Files\Data">
      <UniqueIdentifier>{e261c38c-0454-4775-bcdd-bfc65bb5b775}</UniqueIdentifier>
    </Filter>
  </ItemGroup>
  <ItemGroup>
    <ClCompile Include="Main.cpp">
      <Filter>Source Files</Filter>
    </ClCompile>
    <ClCompile Include="GameEngine.cpp">
      <Filter>Source Files\Engine</Filter>
    </ClCompile>
    <ClCompile Include="EventHandler.cpp">
      <Filter>Source Files\Engine</Filter>
    </ClCompile>
    <ClCompile Include="GameScreen.cpp">
      <Filter>Source Files\UI</Filter>
    </ClCompile>
    <ClCompile Include="IPhysicsObject.cpp">
      <Filter>Source Files\GameObjects</Filter>
    </ClCompile>
    <ClCompile Include="Projectile.cpp">
      <Filter>Source Files\GameObjects</Filter>
    </ClCompile>
    <ClCompile Include="BitmapStore.cpp">
      <Filter>Source Files\Engine</Filter>
    </ClCompile>
    <ClCompile Include="GraphicsComponent.cpp">
      <Filter>Source Files\Components</Filter>
    </ClCompile>
    <ClCompile Include="AnimatedGraphicsAttributes.h">
      <Filter>Header Files\Attributes</Filter>
    </ClCompile>
    <ClCompile Include="AnimatedGraphicsComponent.cpp">
      <Filter>Source Files\Components</Filter>
    </ClCompile>
    <ClCompile Include="PhysicsEngine.cpp">
      <Filter>Source Files\Engine</Filter>
    </ClCompile>
    <ClCompile Include="MouseDragHandler.cpp">
      <Filter>Source Files\Input</Filter>
    </ClCompile>
    <ClCompile Include="IDragState.h">
      <Filter>Header Files\Input</Filter>
    </ClCompile>
    <ClCompile Include="DragSystem.cpp">
      <Filter>Source Files\Input</Filter>
    </ClCompile>
    <ClCompile Include="Slingshot.cpp">
      <Filter>Source Files\GameObjects</Filter>
    </ClCompile>
    <ClCompile Include="PolygonShapeAttributes.h">
      <Filter>Header Files\Attributes</Filter>
    </ClCompile>
    <ClCompile Include="ProjectilesFactory.cpp">
      <Filter>Source Files\Factories</Filter>
    </ClCompile>
    <ClCompile Include="ProjectileData.h">
      <Filter>Header Files</Filter>
    </ClCompile>
    <ClCompile Include="ProjectileData.cpp">
      <Filter>Source Files</Filter>
    </ClCompile>
    <ClCompile Include="StateProjectileLoaded.cpp">
      <Filter>Source Files\States\Projectile</Filter>
    </ClCompile>
    <ClCompile Include="StateProjectileLaunched.cpp">
      <Filter>Source Files\States\Projectile</Filter>
    </ClCompile>
    <ClCompile Include="ISlingshotState.cpp">
      <Filter>Source Files\States\Slingshot</Filter>
    </ClCompile>
    <ClCompile Include="StateSlingshotIdle.cpp">
      <Filter>Source Files\States\Slingshot</Filter>
    </ClCompile>
    <ClCompile Include="StateSlingshotAiming.cpp">
      <Filter>Source Files\States\Slingshot</Filter>
    </ClCompile>
    <ClCompile Include="StateSlingshotShooting.cpp">
      <Filter>Source Files\States\Slingshot</Filter>
    </ClCompile>
    <ClCompile Include="StateSlingshotLoading.cpp">
      <Filter>Source Files\States\Slingshot</Filter>
    </ClCompile>
    <ClCompile Include="Tilemap.cpp">
      <Filter>Source Files</Filter>
    </ClCompile>
  </ItemGroup>
  <ItemGroup>
    <ClInclude Include="GameEngine.h">
      <Filter>Header Files\Engine</Filter>
    </ClInclude>
    <ClInclude Include="EventHandler.h">
      <Filter>Header Files\Engine</Filter>
    </ClInclude>
    <ClInclude Include="IScreen.h">
      <Filter>Header Files\UI</Filter>
    </ClInclude>
    <ClInclude Include="GameScreen.h">
      <Filter>Header Files\UI</Filter>
    </ClInclude>
    <ClInclude Include="IGameObject.h">
      <Filter>Header Files\GameObjects</Filter>
    </ClInclude>
    <ClInclude Include="PhysicsObject.h">
      <Filter>Header Files\GameObjects</Filter>
    </ClInclude>
    <ClInclude Include="Projectile.h">
      <Filter>Header Files\GameObjects</Filter>
    </ClInclude>
    <ClInclude Include="IComponent.h">
      <Filter>Header Files\Components</Filter>
    </ClInclude>
    <ClInclude Include="BitmapStore.h">
      <Filter>Header Files\Engine</Filter>
    </ClInclude>
    <ClInclude Include="GraphicsComponent.h">
      <Filter>Header Files\Components</Filter>
    </ClInclude>
    <ClInclude Include="ProjectileAttributes.h">
      <Filter>Header Files\Attributes</Filter>
    </ClInclude>
    <ClInclude Include="GraphicsAttributes.h">
      <Filter>Header Files\Attributes</Filter>
    </ClInclude>
    <ClInclude Include="AnimatedGraphicsComponent.h">
      <Filter>Header Files\Components</Filter>
    </ClInclude>
    <ClInclude Include="PhysicsEngine.h">
      <Filter>Header Files\Engine</Filter>
    </ClInclude>
    <ClInclude Include="Converter.h">
      <Filter>Header Files\Engine</Filter>
    </ClInclude>
    <ClInclude Include="DragSystem.h">
      <Filter>Header Files\Input</Filter>
    </ClInclude>
    <ClInclude Include="MouseDragHandler.h">
      <Filter>Header Files\Input</Filter>
    </ClInclude>
    <ClInclude Include="Slingshot.h">
      <Filter>Header Files\GameObjects</Filter>
    </ClInclude>
    <ClInclude Include="PhysicsBodyAttributes.h">
      <Filter>Header Files\Attributes</Filter>
    </ClInclude>
    <ClInclude Include="ShapeAttributes.h">
      <Filter>Header Files\Attributes</Filter>
    </ClInclude>
    <ClInclude Include="ProjectilesFactory.h">
      <Filter>Header Files\Factories</Filter>
    </ClInclude>
    <ClInclude Include="SlingshotConstants.h">
      <Filter>Header Files\Constants</Filter>
    </ClInclude>
    <ClInclude Include="StateProjectileLoaded.h">
      <Filter>Header Files\States\Projectile</Filter>
    </ClInclude>
    <ClInclude Include="IProjectileState.h">
      <Filter>Header Files\States\Projectile</Filter>
    </ClInclude>
    <ClInclude Include="StateProjectileLaunched.h">
      <Filter>Header Files\States\Projectile</Filter>
    </ClInclude>
    <ClInclude Include="ISlingshotState.h">
      <Filter>Header Files\States\Slingshot</Filter>
    </ClInclude>
    <ClInclude Include="StateSlingshotIdle.h">
      <Filter>Header Files\States\Slingshot</Filter>
    </ClInclude>
    <ClInclude Include="StateSlingshotAiming.h">
      <Filter>Header Files\States\Slingshot</Filter>
    </ClInclude>
    <ClInclude Include="StateSlingshotShooting.h">
      <Filter>Header Files\States\Slingshot</Filter>
    </ClInclude>
    <ClInclude Include="StateSlingshotLoading.h">
      <Filter>Header Files\States\Slingshot</Filter>
    </ClInclude>
    <ClInclude Include="resource.h">
      <Filter>Header Files</Filter>
    </ClInclude>
    <ClInclude Include="DataHandlingConstants.h">
      <Filter>Header Files\Constants</Filter>
    </ClInclude>
    <ClInclude Include="InputFileHelper.h">
      <Filter>Header Files\FileIO</Filter>
    </ClInclude>
    <ClInclude Include="ShapeAttributesConstants.h">
      <Filter>Header Files\Constants</Filter>
    </ClInclude>
    <ClInclude Include="DataHandler.h">
      <Filter>Header Files\FileIO</Filter>
    </ClInclude>
    <ClInclude Include="Tilemap.h">
      <Filter>Header Files</Filter>
    </ClInclude>
    <ClInclude Include="Tile.h">
      <Filter>Header Files\Attributes</Filter>
    </ClInclude>
  </ItemGroup>
  <ItemGroup>
    <None Include="packages.config" />
    <None Include="projectile_attributes_data.json">
      <Filter>Header Files\Data</Filter>
    </None>
    <None Include="shape_attributes_data.json">
      <Filter>Header Files\Data</Filter>
    </None>
    <None Include="graphics_attributes_data.json">
      <Filter>Header Files\Data</Filter>
    </None>
    <None Include="DataHandler.inl">
      <Filter>Source Files\FileIO</Filter>
    </None>
    <None Include="maps\01\map.json">
      <Filter>Header Files\Data</Filter>
    </None>
  </ItemGroup>
</Project>